
Microsoft Visual Studio Solution File, Format Version 12.00
# Visual Studio Version 16
VisualStudioVersion = 16.0.31624.102
MinimumVisualStudioVersion = 10.0.40219.1
Project("{9A19103F-16F7-4668-BE54-9A1E7A4F7556}") = "HelloGeneratedWorld", "HelloGeneratedWorld\HelloGeneratedWorld.csproj", "{A6196E66-8931-40D0-A3AB-F01ECA07E128}"
EndProject
Project("{FAE04EC0-301F-11D3-BF4B-00C04F79EFBC}") = "SourceGenerators", "SourceGenerators\SourceGenerators.csproj", "{BB8F6DC3-D821-43DA-B6CB-2383851F332B}"
EndProject
Global
	GlobalSection(SolutionConfigurationPlatforms) = preSolution
		Debug|Any CPU = Debug|Any CPU
		Release|Any CPU = Release|Any CPU
	EndGlobalSection
	GlobalSection(ProjectConfigurationPlatforms) = postSolution
		{A6196E66-8931-40D0-A3AB-F01ECA07E128}.Debug|Any CPU.ActiveCfg = Debug|Any CPU
		{A6196E66-8931-40D0-A3AB-F01ECA07E128}.Debug|Any CPU.Build.0 = Debug|Any CPU
		{A6196E66-8931-40D0-A3AB-F01ECA07E128}.Release|Any CPU.ActiveCfg = Release|Any CPU
		{A6196E66-8931-40D0-A3AB-F01ECA07E128}.Release|Any CPU.Build.0 = Release|Any CPU
		{BB8F6DC3-D821-43DA-B6CB-2383851F332B}.Debug|Any CPU.ActiveCfg = Debug|Any CPU
		{BB8F6DC3-D821-43DA-B6CB-2383851F332B}.Debug|Any CPU.Build.0 = Debug|Any CPU
		{BB8F6DC3-D821-43DA-B6CB-2383851F332B}.Release|Any CPU.ActiveCfg = Release|Any CPU
		{BB8F6DC3-D821-43DA-B6CB-2383851F332B}.Release|Any CPU.Build.0 = Release|Any CPU
	EndGlobalSection
	GlobalSection(SolutionProperties) = preSolution
		HideSolutionNode = FALSE
	EndGlobalSection
	GlobalSection(ExtensibilityGlobals) = postSolution
		SolutionGuid = {1E9CE266-1FB8-400F-A287-CA4E73F37434}
	EndGlobalSection
EndGlobal
